Microsoft Visual Studio Solution File, Format Version 12.00
# Visual Studio Version 18
VisualStudioVersion = 18.0.11217.181
MinimumVisualStudioVersion = 10.0.40219.1
Project("{FAE04EC0-301F-11D3-BF4B-00C04F79EFBC}") = "salesforce-to-teamtailor", "salesforce-to-teamtailor/salesforce-to-teamtailor.csproj", "{2F0053FB-3F2B-99F8-9F97-BFACA57D3AA4}"
EndProject
Global
	GlobalSection(SolutionConfigurationPlatforms) = preSolution
		Debug|Any CPU = Debug|Any CPU
		Release|Any CPU = Release|Any CPU
	EndGlobalSection
	GlobalSection(ProjectConfigurationPlatforms) = postSolution
		{2F0053FB-3F2B-99F8-9F97-BFACA57D3AA4}.Debug|Any CPU.ActiveCfg = Debug|Any CPU
		{2F0053FB-3F2B-99F8-9F97-BFACA57D3AA4}.Debug|Any CPU.Build.0 = Debug|Any CPU
		{2F0053FB-3F2B-99F8-9F97-BFACA57D3AA4}.Release|Any CPU.ActiveCfg = Release|Any CPU
		{2F0053FB-3F2B-99F8-9F97-BFACA57D3AA4}.Release|Any CPU.Build.0 = Release|Any CPU
	EndGlobalSection
	GlobalSection(SolutionProperties) = preSolution
		HideSolutionNode = FALSE
	EndGlobalSection
	GlobalSection(ExtensibilityGlobals) = postSolution
		SolutionGuid = {AEF40BBD-C39A-4C54-9FE0-EC8F6DD36C0B}
	EndGlobalSection
EndGlobal
